
Microsoft Visual Studio Solution File, Format Version 12.00
# Visual Studio Version 16
VisualStudioVersion = 16.0.31129.286
MinimumVisualStudioVersion = 10.0.40219.1
Project("{9A19103F-16F7-4668-BE54-9A1E7A4F7556}") = "ReqRes.Lib", "ReqRes.Lib\ReqRes.Lib.csproj", "{1A727CC7-A21D-4A4E-9D7C-76FADC4C2510}"
EndProject
Project("{9A19103F-16F7-4668-BE54-9A1E7A4F7556}") = "CoderByte.SpecFlow.Test", "CoderByte.SpecFlow.Test\CoderByte.SpecFlow.Test.csproj", "{9453E08D-CF69-4C91-9B45-3006706FEADD}"
EndProject
Global
	GlobalSection(SolutionConfigurationPlatforms) = preSolution
		Debug|Any CPU = Debug|Any CPU
		Release|Any CPU = Release|Any CPU
	EndGlobalSection
	GlobalSection(ProjectConfigurationPlatforms) = postSolution
		{1A727CC7-A21D-4A4E-9D7C-76FADC4C2510}.Debug|Any CPU.ActiveCfg = Debug|Any CPU
		{1A727CC7-A21D-4A4E-9D7C-76FADC4C2510}.Debug|Any CPU.Build.0 = Debug|Any CPU
		{1A727CC7-A21D-4A4E-9D7C-76FADC4C2510}.Release|Any CPU.ActiveCfg = Release|Any CPU
		{1A727CC7-A21D-4A4E-9D7C-76FADC4C2510}.Release|Any CPU.Build.0 = Release|Any CPU
		{9453E08D-CF69-4C91-9B45-3006706FEADD}.Debug|Any CPU.ActiveCfg = Debug|Any CPU
		{9453E08D-CF69-4C91-9B45-3006706FEADD}.Debug|Any CPU.Build.0 = Debug|Any CPU
		{9453E08D-CF69-4C91-9B45-3006706FEADD}.Release|Any CPU.ActiveCfg = Release|Any CPU
		{9453E08D-CF69-4C91-9B45-3006706FEADD}.Release|Any CPU.Build.0 = Release|Any CPU
	EndGlobalSection
	GlobalSection(SolutionProperties) = preSolution
		HideSolutionNode = FALSE
	EndGlobalSection
	GlobalSection(ExtensibilityGlobals) = postSolution
		SolutionGuid = {BF2A3FBD-5781-4AA7-9E2B-946C9492D77B}
	EndGlobalSection
EndGlobal
